
Microsoft Visual Studio Solution File, Format Version 12.00
# Visual Studio Version 17
VisualStudioVersion = 17.6.33829.357
MinimumVisualStudioVersion = 10.0.40219.1
Project("{FAE04EC0-301F-11D3-BF4B-00C04F79EFBC}") = "Factory_Pattern_Exercise", "Factory_Pattern_Exercise\Factory_Pattern_Exercise.csproj", "{8BA088AA-739C-4322-B52D-E19DE149F13C}"
EndProject
Global
	GlobalSection(SolutionConfigurationPlatforms) = preSolution
		Debug|Any CPU = Debug|Any CPU
		Release|Any CPU = Release|Any CPU
	EndGlobalSection
	GlobalSection(ProjectConfigurationPlatforms) = postSolution
		{8BA088AA-739C-4322-B52D-E19DE149F13C}.Debug|Any CPU.ActiveCfg = Debug|Any CPU
		{8BA088AA-739C-4322-B52D-E19DE149F13C}.Debug|Any CPU.Build.0 = Debug|Any CPU
		{8BA088AA-739C-4322-B52D-E19DE149F13C}.Release|Any CPU.ActiveCfg = Release|Any CPU
		{8BA088AA-739C-4322-B52D-E19DE149F13C}.Release|Any CPU.Build.0 = Release|Any CPU
	EndGlobalSection
	GlobalSection(SolutionProperties) = preSolution
		HideSolutionNode = FALSE
	EndGlobalSection
	GlobalSection(ExtensibilityGlobals) = postSolution
		SolutionGuid = {E8F1C475-DEA9-442C-A022-651967CBC2B2}
	EndGlobalSection
EndGlobal
